{
  "name": "delete-me",
  "lockfileVersion": 3,
  "requires": true,
  "packages": {
    "": {
      "name": "delete-me",
      "dependencies": {
        "hono": "^4.1.4"
      },
      "devDependencies": {
        "@types/bun": "latest"
      },
      "peerDependencies": {
        "typescript": "^5.0.0"
      }
    },
    "node_modules/@types/bun": {
      "version": "1.0.10",
      "resolved": "https://registry.npmjs.org/@types/bun/-/bun-1.0.10.tgz",
      "integrity": "sha512-Jaz6YYAdm1u3NVlgSyEK+qGmrlLQ20sbWeEoXD64b9w6z/YKYNWlfaphu+xF2Kiy5Tpykm5Q9jIquLegwXx4ng==",
      "dev": true,
      "dependencies": {
        "bun-types": "1.0.33"
      }
    },
    "node_modules/@types/node": {
      "version": "20.11.30",
      "dev": true,
      "license": "MIT",
      "dependencies": {
        "undici-types": "~5.26.4"
      }
    },
    "node_modules/@types/ws": {
      "version": "8.5.10",
      "dev": true,
      "license": "MIT",
      "dependencies": {
        "@types/node": "*"
      }
    },
    "node_modules/bun-types": {
      "version": "1.0.33",
      "dev": true,
      "license": "MIT",
      "dependencies": {
        "@types/node": "~20.11.3",
        "@types/ws": "~8.5.10"
      }
    },
    "node_modules/hono": {
      "version": "4.1.4",
      "resolved": "https://registry.npmjs.org/hono/-/hono-4.1.4.tgz",
      "integrity": "sha512-JcdAKRBHjWO5OEkEW6Lv5NUr4QLl4InshCIUnHwGY7hymCxmV1Ji/eAAr1hclQixWc3I7ZljMHXwIedNWRAcqA==",
      "engines": {
        "node": ">=16.0.0"
      }
    },
    "node_modules/typescript": {
      "version": "5.4.3",
      "license": "Apache-2.0",
      "peer": true,
      "bin": {
        "tsc": "bin/tsc",
        "tsserver": "bin/tsserver"
      },
      "engines": {
        "node": ">=14.17"
      }
    },
    "node_modules/undici-types": {
      "version": "5.26.5",
      "dev": true,
      "license": "MIT"
    }
  }
}
